
Microsoft Visual Studio Solution File, Format Version 12.00
# Visual Studio Version 17
VisualStudioVersion = 17.5.001.0
MinimumVisualStudioVersion = 10.0.40219.1
Project("{9A19103F-16F7-4668-BE54-9A1E7A4F7556}") = "tl1-tp6-2024-tomatorivera", "tl1-tp6-2024-tomatorivera.csproj", "{451F838E-E6FB-4903-A8EB-B05071BF8CFE}"
EndProject
Global
	GlobalSection(SolutionConfigurationPlatforms) = preSolution
		Debug|Any CPU = Debug|Any CPU
		Release|Any CPU = Release|Any CPU
	EndGlobalSection
	GlobalSection(ProjectConfigurationPlatforms) = postSolution
		{451F838E-E6FB-4903-A8EB-B05071BF8CFE}.Debug|Any CPU.ActiveCfg = Debug|Any CPU
		{451F838E-E6FB-4903-A8EB-B05071BF8CFE}.Debug|Any CPU.Build.0 = Debug|Any CPU
		{451F838E-E6FB-4903-A8EB-B05071BF8CFE}.Release|Any CPU.ActiveCfg = Release|Any CPU
		{451F838E-E6FB-4903-A8EB-B05071BF8CFE}.Release|Any CPU.Build.0 = Release|Any CPU
	EndGlobalSection
	GlobalSection(SolutionProperties) = preSolution
		HideSolutionNode = FALSE
	EndGlobalSection
	GlobalSection(ExtensibilityGlobals) = postSolution
		SolutionGuid = {F0BA5FCB-25EB-42F1-8261-53859BC71A1C}
	EndGlobalSection
EndGlobal
